
Microsoft Visual Studio Solution File, Format Version 12.00
# Visual Studio 15
VisualStudioVersion = 15.0.27703.2047
MinimumVisualStudioVersion = 10.0.40219.1
Project("{FAE04EC0-301F-11D3-BF4B-00C04F79EFBC}") = "PayrollSummarizer", "PayrollSummarizer\PayrollSummarizer.csproj", "{AE297606-2F19-4EC1-A930-347E335C11EC}"
EndProject
Global
	GlobalSection(SolutionConfigurationPlatforms) = preSolution
		Debug|Any CPU = Debug|Any CPU
		Release|Any CPU = Release|Any CPU
	EndGlobalSection
	GlobalSection(ProjectConfigurationPlatforms) = postSolution
		{AE297606-2F19-4EC1-A930-347E335C11EC}.Debug|Any CPU.ActiveCfg = Debug|Any CPU
		{AE297606-2F19-4EC1-A930-347E335C11EC}.Debug|Any CPU.Build.0 = Debug|Any CPU
		{AE297606-2F19-4EC1-A930-347E335C11EC}.Release|Any CPU.ActiveCfg = Release|Any CPU
		{AE297606-2F19-4EC1-A930-347E335C11EC}.Release|Any CPU.Build.0 = Release|Any CPU
	EndGlobalSection
	GlobalSection(SolutionProperties) = preSolution
		HideSolutionNode = FALSE
	EndGlobalSection
	GlobalSection(ExtensibilityGlobals) = postSolution
		SolutionGuid = {C2ED35F7-8F69-4126-82FC-7E5385450496}
	EndGlobalSection
EndGlobal
